
Microsoft Visual Studio Solution File, Format Version 12.00
# Visual Studio 15
VisualStudioVersion = 15.0.28307.902
MinimumVisualStudioVersion = 10.0.40219.1
Project("{FAE04EC0-301F-11D3-BF4B-00C04F79EFBC}") = "EnveronementNaws", "EnveronementNaws\EnveronementNaws.csproj", "{933E1153-104C-4B28-8A58-4CF6C01E0B9B}"
EndProject
Project("{FAE04EC0-301F-11D3-BF4B-00C04F79EFBC}") = "EnveronementNaws.Data", "EnveronementNaws.Data\EnveronementNaws.Data.csproj", "{C7B85D41-8F9B-4A01-AF56-AEEA9F7A2067}"
EndProject
Project("{FAE04EC0-301F-11D3-BF4B-00C04F79EFBC}") = "EnveronementNaws.logique", "EnveronementNaws.logique\EnveronementNaws.logique.csproj", "{847BC20B-8011-426E-87A4-53C1876E7CE8}"
EndProject
Global
	GlobalSection(SolutionConfigurationPlatforms) = preSolution
		Debug|Any CPU = Debug|Any CPU
		Release|Any CPU = Release|Any CPU
	EndGlobalSection
	GlobalSection(ProjectConfigurationPlatforms) = postSolution
		{933E1153-104C-4B28-8A58-4CF6C01E0B9B}.Debug|Any CPU.ActiveCfg = Debug|Any CPU
		{933E1153-104C-4B28-8A58-4CF6C01E0B9B}.Debug|Any CPU.Build.0 = Debug|Any CPU
		{933E1153-104C-4B28-8A58-4CF6C01E0B9B}.Release|Any CPU.ActiveCfg = Release|Any CPU
		{933E1153-104C-4B28-8A58-4CF6C01E0B9B}.Release|Any CPU.Build.0 = Release|Any CPU
		{C7B85D41-8F9B-4A01-AF56-AEEA9F7A2067}.Debug|Any CPU.ActiveCfg = Debug|Any CPU
		{C7B85D41-8F9B-4A01-AF56-AEEA9F7A2067}.Debug|Any CPU.Build.0 = Debug|Any CPU
		{C7B85D41-8F9B-4A01-AF56-AEEA9F7A2067}.Release|Any CPU.ActiveCfg = Release|Any CPU
		{C7B85D41-8F9B-4A01-AF56-AEEA9F7A2067}.Release|Any CPU.Build.0 = Release|Any CPU
		{847BC20B-8011-426E-87A4-53C1876E7CE8}.Debug|Any CPU.ActiveCfg = Debug|Any CPU
		{847BC20B-8011-426E-87A4-53C1876E7CE8}.Debug|Any CPU.Build.0 = Debug|Any CPU
		{847BC20B-8011-426E-87A4-53C1876E7CE8}.Release|Any CPU.ActiveCfg = Release|Any CPU
		{847BC20B-8011-426E-87A4-53C1876E7CE8}.Release|Any CPU.Build.0 = Release|Any CPU
	EndGlobalSection
	GlobalSection(SolutionProperties) = preSolution
		HideSolutionNode = FALSE
	EndGlobalSection
	GlobalSection(ExtensibilityGlobals) = postSolution
		SolutionGuid = {3B96560B-950E-473F-A49B-CA4512CEF0E6}
	EndGlobalSection
EndGlobal
